
Microsoft Visual Studio Solution File, Format Version 12.00
# Visual Studio Version 17
VisualStudioVersion = 17.11.35312.102
MinimumVisualStudioVersion = 10.0.40219.1
Project("{FAE04EC0-301F-11D3-BF4B-00C04F79EFBC}") = "Store.G01.Apis", "Store.G01.Apis\Store.G01.Apis.csproj", "{30FEB646-564C-4844-A68E-E89960192B63}"
EndProject
Project("{FAE04EC0-301F-11D3-BF4B-00C04F79EFBC}") = "Store.G01.Core", "Store.G01.Core\Store.G01.Core.csproj", "{4AC11789-A188-4DCD-A5A1-4D4514A92FAC}"
EndProject
Project("{FAE04EC0-301F-11D3-BF4B-00C04F79EFBC}") = "Store.G01.Repository", "Store.G01.Repository\Store.G01.Repository.csproj", "{0EC3C0B6-7CEE-4D34-B32D-43740A2FFC5C}"
EndProject
Project("{FAE04EC0-301F-11D3-BF4B-00C04F79EFBC}") = "Store.G01.Service", "Store.G01.Service\Store.G01.Service.csproj", "{929DA03E-5168-462F-9344-9E9A8AAC232B}"
EndProject
Global
	GlobalSection(SolutionConfigurationPlatforms) = preSolution
		Debug|Any CPU = Debug|Any CPU
		Release|Any CPU = Release|Any CPU
	EndGlobalSection
	GlobalSection(ProjectConfigurationPlatforms) = postSolution
		{30FEB646-564C-4844-A68E-E89960192B63}.Debug|Any CPU.ActiveCfg = Debug|Any CPU
		{30FEB646-564C-4844-A68E-E89960192B63}.Debug|Any CPU.Build.0 = Debug|Any CPU
		{30FEB646-564C-4844-A68E-E89960192B63}.Release|Any CPU.ActiveCfg = Release|Any CPU
		{30FEB646-564C-4844-A68E-E89960192B63}.Release|Any CPU.Build.0 = Release|Any CPU
		{4AC11789-A188-4DCD-A5A1-4D4514A92FAC}.Debug|Any CPU.ActiveCfg = Debug|Any CPU
		{4AC11789-A188-4DCD-A5A1-4D4514A92FAC}.Debug|Any CPU.Build.0 = Debug|Any CPU
		{4AC11789-A188-4DCD-A5A1-4D4514A92FAC}.Release|Any CPU.ActiveCfg = Release|Any CPU
		{4AC11789-A188-4DCD-A5A1-4D4514A92FAC}.Release|Any CPU.Build.0 = Release|Any CPU
		{0EC3C0B6-7CEE-4D34-B32D-43740A2FFC5C}.Debug|Any CPU.ActiveCfg = Debug|Any CPU
		{0EC3C0B6-7CEE-4D34-B32D-43740A2FFC5C}.Debug|Any CPU.Build.0 = Debug|Any CPU
		{0EC3C0B6-7CEE-4D34-B32D-43740A2FFC5C}.Release|Any CPU.ActiveCfg = Release|Any CPU
		{0EC3C0B6-7CEE-4D34-B32D-43740A2FFC5C}.Release|Any CPU.Build.0 = Release|Any CPU
		{929DA03E-5168-462F-9344-9E9A8AAC232B}.Debug|Any CPU.ActiveCfg = Debug|Any CPU
		{929DA03E-5168-462F-9344-9E9A8AAC232B}.Debug|Any CPU.Build.0 = Debug|Any CPU
		{929DA03E-5168-462F-9344-9E9A8AAC232B}.Release|Any CPU.ActiveCfg = Release|Any CPU
		{929DA03E-5168-462F-9344-9E9A8AAC232B}.Release|Any CPU.Build.0 = Release|Any CPU
	EndGlobalSection
	GlobalSection(SolutionProperties) = preSolution
		HideSolutionNode = FALSE
	EndGlobalSection
	GlobalSection(ExtensibilityGlobals) = postSolution
		SolutionGuid = {54B2BD9C-4C71-454B-9E3A-EE79D3A43718}
	EndGlobalSection
EndGlobal
